PODS:
  - AppAuth (1.6.2):
    - AppAuth/Core (= 1.6.2)
    - AppAuth/ExternalUserAgent (= 1.6.2)
  - AppAuth/Core (1.6.2)
  - AppAuth/ExternalUserAgent (1.6.2):
    - AppAuth/Core
  - BEMCheckBox (1.4.1)
  - boost-for-react-native (1.63.0)
  - BRYXBanner (0.8.0)
  - BVLinearGradient (2.6.2):
    - React-Core
  - DoubleConversion (1.1.6)
  - FBAEMKit (13.2.0):
    - FBSDKCoreKit_Basics (= 13.2.0)
  - FBLazyVector (0.61.5)
  - FBReactNativeSpec (0.61.5):
    - Folly (= 2018.10.22.00)
    - RCTRequired (= 0.61.5)
    - RCTTypeSafety (= 0.61.5)
    - React-Core (= 0.61.5)
    - React-jsi (= 0.61.5)
    - ReactCommon/turbomodule/core (= 0.61.5)
  - FBSDKCoreKit (13.2.0):
    - FBAEMKit (= 13.2.0)
    - FBSDKCoreKit_Basics (= 13.2.0)
  - FBSDKCoreKit_Basics (13.2.0)
  - FBSDKGamingServicesKit (13.2.0):
    - FBSDKCoreKit (= 13.2.0)
    - FBSDKCoreKit_Basics (= 13.2.0)
    - FBSDKShareKit (= 13.2.0)
  - FBSDKLoginKit (13.2.0):
    - FBSDKCoreKit (= 13.2.0)
  - FBSDKShareKit (13.2.0):
    - FBSDKCoreKit (= 13.2.0)
  - Firebase (10.7.0):
    - Firebase/Core (= 10.7.0)
  - Firebase/Analytics (10.7.0):
    - Firebase/Core
  - Firebase/Core (10.7.0):
    - Firebase/CoreOnly
    - FirebaseAnalytics (~> 10.7.0)
  - Firebase/CoreOnly (10.7.0):
    - FirebaseCore (= 10.7.0)
  - Firebase/Messaging (10.7.0):
    - Firebase/CoreOnly
    - FirebaseMessaging (~> 10.7.0)
  - FirebaseAnalytics (10.7.0):
    - FirebaseAnalytics/AdIdSupport (= 10.7.0)
    - FirebaseCore (~> 10.0)
    - FirebaseInstallations (~> 10.0)
    - GoogleUtilities/AppDelegateSwizzler (~> 7.8)
    - GoogleUtilities/MethodSwizzler (~> 7.8)
    - GoogleUtilities/Network (~> 7.8)
    - "GoogleUtilities/NSData+zlib (~> 7.8)"
    - nanopb (< 2.30910.0, >= 2.30908.0)
  - FirebaseAnalytics/AdIdSupport (10.7.0):
    - FirebaseCore (~> 10.0)
    - FirebaseInstallations (~> 10.0)
    - GoogleAppMeasurement (= 10.7.0)
    - GoogleUtilities/AppDelegateSwizzler (~> 7.8)
    - GoogleUtilities/MethodSwizzler (~> 7.8)
    - GoogleUtilities/Network (~> 7.8)
    - "GoogleUtilities/NSData+zlib (~> 7.8)"
    - nanopb (< 2.30910.0, >= 2.30908.0)
  - FirebaseCore (10.7.0):
    - FirebaseCoreInternal (~> 10.0)
    - GoogleUtilities/Environment (~> 7.8)
    - GoogleUtilities/Logger (~> 7.8)
  - FirebaseCoreExtension (10.7.0):
    - FirebaseCore (~> 10.0)
  - FirebaseCoreInternal (10.15.0):
    - "GoogleUtilities/NSData+zlib (~> 7.8)"
  - FirebaseInstallations (10.15.0):
    - FirebaseCore (~> 10.0)
    - GoogleUtilities/Environment (~> 7.8)
    - GoogleUtilities/UserDefaults (~> 7.8)
    - PromisesObjC (~> 2.1)
  - FirebaseMessaging (10.7.0):
    - FirebaseCore (~> 10.0)
    - FirebaseInstallations (~> 10.0)
    - GoogleDataTransport (~> 9.2)
    - GoogleUtilities/AppDelegateSwizzler (~> 7.8)
    - GoogleUtilities/Environment (~> 7.8)
    - GoogleUtilities/Reachability (~> 7.8)
    - GoogleUtilities/UserDefaults (~> 7.8)
    - nanopb (< 2.30910.0, >= 2.30908.0)
  - Folly (2018.10.22.00):
    - boost-for-react-native
    - DoubleConversion
    - Folly/Default (= 2018.10.22.00)
    - glog
  - Folly/Default (2018.10.22.00):
    - boost-for-react-native
    - DoubleConversion
    - glog
  - glog (0.3.5)
  - GoogleAppMeasurement (10.7.0):
    - GoogleAppMeasurement/AdIdSupport (= 10.7.0)
    - GoogleUtilities/AppDelegateSwizzler (~> 7.8)
    - GoogleUtilities/MethodSwizzler (~> 7.8)
    - GoogleUtilities/Network (~> 7.8)
    - "GoogleUtilities/NSData+zlib (~> 7.8)"
    - nanopb (< 2.30910.0, >= 2.30908.0)
  - GoogleAppMeasurement/AdIdSupport (10.7.0):
    - GoogleAppMeasurement/WithoutAdIdSupport (= 10.7.0)
    - GoogleUtilities/AppDelegateSwizzler (~> 7.8)
    - GoogleUtilities/MethodSwizzler (~> 7.8)
    - GoogleUtilities/Network (~> 7.8)
    - "GoogleUtilities/NSData+zlib (~> 7.8)"
    - nanopb (< 2.30910.0, >= 2.30908.0)
  - GoogleAppMeasurement/WithoutAdIdSupport (10.7.0):
    - GoogleUtilities/AppDelegateSwizzler (~> 7.8)
    - GoogleUtilities/MethodSwizzler (~> 7.8)
    - GoogleUtilities/Network (~> 7.8)
    - "GoogleUtilities/NSData+zlib (~> 7.8)"
    - nanopb (< 2.30910.0, >= 2.30908.0)
  - GoogleDataTransport (9.2.5):
    - GoogleUtilities/Environment (~> 7.7)
    - nanopb (< 2.30910.0, >= 2.30908.0)
    - PromisesObjC (< 3.0, >= 1.2)
  - GoogleIDFASupport (3.14.0)
  - GoogleSignIn (5.0.2):
    - AppAuth (~> 1.2)
    - GTMAppAuth (~> 1.0)
    - GTMSessionFetcher/Core (~> 1.1)
  - GoogleUtilities (7.11.5):
    - GoogleUtilities/AppDelegateSwizzler (= 7.11.5)
    - GoogleUtilities/Environment (= 7.11.5)
    - GoogleUtilities/ISASwizzler (= 7.11.5)
    - GoogleUtilities/Logger (= 7.11.5)
    - GoogleUtilities/MethodSwizzler (= 7.11.5)
    - GoogleUtilities/Network (= 7.11.5)
    - "GoogleUtilities/NSData+zlib (= 7.11.5)"
    - GoogleUtilities/Reachability (= 7.11.5)
    - GoogleUtilities/SwizzlerTestHelpers (= 7.11.5)
    - GoogleUtilities/UserDefaults (= 7.11.5)
  - GoogleUtilities/AppDelegateSwizzler (7.11.5):
    - GoogleUtilities/Environment
    - GoogleUtilities/Logger
    - GoogleUtilities/Network
  - GoogleUtilities/Environment (7.11.5):
    - PromisesObjC (< 3.0, >= 1.2)
  - GoogleUtilities/ISASwizzler (7.11.5)
  - GoogleUtilities/Logger (7.11.5):
    - GoogleUtilities/Environment
  - GoogleUtilities/MethodSwizzler (7.11.5):
    - GoogleUtilities/Logger
  - GoogleUtilities/Network (7.11.5):
    - GoogleUtilities/Logger
    - "GoogleUtilities/NSData+zlib"
    - GoogleUtilities/Reachability
  - "GoogleUtilities/NSData+zlib (7.11.5)"
  - GoogleUtilities/Reachability (7.11.5):
    - GoogleUtilities/Logger
  - GoogleUtilities/SwizzlerTestHelpers (7.11.5):
    - GoogleUtilities/MethodSwizzler
  - GoogleUtilities/UserDefaults (7.11.5):
    - GoogleUtilities/Logger
  - GTMAppAuth (1.3.1):
    - AppAuth/Core (~> 1.6)
    - GTMSessionFetcher/Core (< 3.0, >= 1.5)
  - GTMSessionFetcher/Core (1.7.2)
  - nanopb (2.30909.0):
    - nanopb/decode (= 2.30909.0)
    - nanopb/encode (= 2.30909.0)
  - nanopb/decode (2.30909.0)
  - nanopb/encode (2.30909.0)
  - PromisesObjC (2.3.1)
  - razorpay-pod (1.3.4)
  - RCTRequired (0.61.5)
  - RCTTypeSafety (0.61.5):
    - FBLazyVector (= 0.61.5)
    - Folly (= 2018.10.22.00)
    - RCTRequired (= 0.61.5)
    - React-Core (= 0.61.5)
  - React (0.61.5):
    - React-Core (= 0.61.5)
    - React-Core/DevSupport (= 0.61.5)
    - React-Core/RCTWebSocket (= 0.61.5)
    - React-RCTActionSheet (= 0.61.5)
    - React-RCTAnimation (= 0.61.5)
    - React-RCTBlob (= 0.61.5)
    - React-RCTImage (= 0.61.5)
    - React-RCTLinking (= 0.61.5)
    - React-RCTNetwork (= 0.61.5)
    - React-RCTSettings (= 0.61.5)
    - React-RCTText (= 0.61.5)
    - React-RCTVibration (= 0.61.5)
  - React-Core (0.61.5):
    - Folly (= 2018.10.22.00)
    - glog
    - React-Core/Default (= 0.61.5)
    - React-cxxreact (= 0.61.5)
    - React-jsi (= 0.61.5)
    - React-jsiexecutor (= 0.61.5)
    - Yoga
  - React-Core/CoreModulesHeaders (0.61.5):
    - Folly (= 2018.10.22.00)
    - glog
    - React-Core/Default
    - React-cxxreact (= 0.61.5)
    - React-jsi (= 0.61.5)
    - React-jsiexecutor (= 0.61.5)
    - Yoga
  - React-Core/Default (0.61.5):
    - Folly (= 2018.10.22.00)
    - glog
    - React-cxxreact (= 0.61.5)
    - React-jsi (= 0.61.5)
    - React-jsiexecutor (= 0.61.5)
    - Yoga
  - React-Core/DevSupport (0.61.5):
    - Folly (= 2018.10.22.00)
    - glog
    - React-Core/Default (= 0.61.5)
    - React-Core/RCTWebSocket (= 0.61.5)
    - React-cxxreact (= 0.61.5)
    - React-jsi (= 0.61.5)
    - React-jsiexecutor (= 0.61.5)
    - React-jsinspector (= 0.61.5)
    - Yoga
  - React-Core/RCTActionSheetHeaders (0.61.5):
    - Folly (= 2018.10.22.00)
    - glog
    - React-Core/Default
    - React-cxxreact (= 0.61.5)
    - React-jsi (= 0.61.5)
    - React-jsiexecutor (= 0.61.5)
    - Yoga
  - React-Core/RCTAnimationHeaders (0.61.5):
    - Folly (= 2018.10.22.00)
    - glog
    - React-Core/Default
    - React-cxxreact (= 0.61.5)
    - React-jsi (= 0.61.5)
    - React-jsiexecutor (= 0.61.5)
    - Yoga
  - React-Core/RCTBlobHeaders (0.61.5):
    - Folly (= 2018.10.22.00)
    - glog
    - React-Core/Default
    - React-cxxreact (= 0.61.5)
    - React-jsi (= 0.61.5)
    - React-jsiexecutor (= 0.61.5)
    - Yoga
  - React-Core/RCTImageHeaders (0.61.5):
    - Folly (= 2018.10.22.00)
    - glog
    - React-Core/Default
    - React-cxxreact (= 0.61.5)
    - React-jsi (= 0.61.5)
    - React-jsiexecutor (= 0.61.5)
    - Yoga
  - React-Core/RCTLinkingHeaders (0.61.5):
    - Folly (= 2018.10.22.00)
    - glog
    - React-Core/Default
    - React-cxxreact (= 0.61.5)
    - React-jsi (= 0.61.5)
    - React-jsiexecutor (= 0.61.5)
    - Yoga
  - React-Core/RCTNetworkHeaders (0.61.5):
    - Folly (= 2018.10.22.00)
    - glog
    - React-Core/Default
    - React-cxxreact (= 0.61.5)
    - React-jsi (= 0.61.5)
    - React-jsiexecutor (= 0.61.5)
    - Yoga
  - React-Core/RCTSettingsHeaders (0.61.5):
    - Folly (= 2018.10.22.00)
    - glog
    - React-Core/Default
    - React-cxxreact (= 0.61.5)
    - React-jsi (= 0.61.5)
    - React-jsiexecutor (= 0.61.5)
    - Yoga
  - React-Core/RCTTextHeaders (0.61.5):
    - Folly (= 2018.10.22.00)
    - glog
    - React-Core/Default
    - React-cxxreact (= 0.61.5)
    - React-jsi (= 0.61.5)
    - React-jsiexecutor (= 0.61.5)
    - Yoga
  - React-Core/RCTVibrationHeaders (0.61.5):
    - Folly (= 2018.10.22.00)
    - glog
    - React-Core/Default
    - React-cxxreact (= 0.61.5)
    - React-jsi (= 0.61.5)
    - React-jsiexecutor (= 0.61.5)
    - Yoga
  - React-Core/RCTWebSocket (0.61.5):
    - Folly (= 2018.10.22.00)
    - glog
    - React-Core/Default (= 0.61.5)
    - React-cxxreact (= 0.61.5)
    - React-jsi (= 0.61.5)
    - React-jsiexecutor (= 0.61.5)
    - Yoga
  - React-CoreModules (0.61.5):
    - FBReactNativeSpec (= 0.61.5)
    - Folly (= 2018.10.22.00)
    - RCTTypeSafety (= 0.61.5)
    - React-Core/CoreModulesHeaders (= 0.61.5)
    - React-RCTImage (= 0.61.5)
    - ReactCommon/turbomodule/core (= 0.61.5)
  - React-cxxreact (0.61.5):
    - boost-for-react-native (= 1.63.0)
    - DoubleConversion
    - Folly (= 2018.10.22.00)
    - glog
    - React-jsinspector (= 0.61.5)
  - React-jsi (0.61.5):
    - boost-for-react-native (= 1.63.0)
    - DoubleConversion
    - Folly (= 2018.10.22.00)
    - glog
    - React-jsi/Default (= 0.61.5)
  - React-jsi/Default (0.61.5):
    - boost-for-react-native (= 1.63.0)
    - DoubleConversion
    - Folly (= 2018.10.22.00)
    - glog
  - React-jsiexecutor (0.61.5):
    - DoubleConversion
    - Folly (= 2018.10.22.00)
    - glog
    - React-cxxreact (= 0.61.5)
    - React-jsi (= 0.61.5)
  - React-jsinspector (0.61.5)
  - react-native-document-picker (3.5.4):
    - React
  - react-native-fbsdk-next (8.0.5):
    - React-Core
    - react-native-fbsdk-next/Core (= 8.0.5)
    - react-native-fbsdk-next/Login (= 8.0.5)
    - react-native-fbsdk-next/Share (= 8.0.5)
  - react-native-fbsdk-next/Core (8.0.5):
    - FBSDKCoreKit (~> 13.2.0)
    - React-Core
  - react-native-fbsdk-next/Login (8.0.5):
    - FBSDKLoginKit (~> 13.2.0)
    - React-Core
  - react-native-fbsdk-next/Share (8.0.5):
    - FBSDKGamingServicesKit (~> 13.2.0)
    - FBSDKShareKit (~> 13.2.0)
    - React-Core
  - react-native-geolocation (2.1.0):
    - React-Core
  - react-native-image-picker (2.4.0):
    - React
  - react-native-netinfo (5.9.10):
    - React-Core
  - react-native-otp-verify (1.1.6):
    - React-Core
  - react-native-razorpay (2.3.0):
    - razorpay-pod
    - React
  - react-native-safe-area-context (0.7.3):
    - React
  - react-native-simple-toast (1.1.4):
    - React-Core
    - Toast (~> 4.0.0)
  - react-native-video (5.2.1):
    - React-Core
    - react-native-video/Video (= 5.2.1)
  - react-native-video/Video (5.2.1):
    - React-Core
  - react-native-viewpager (3.3.1):
    - React
  - react-native-webview (11.23.1):
    - React-Core
  - React-RCTActionSheet (0.61.5):
    - React-Core/RCTActionSheetHeaders (= 0.61.5)
  - React-RCTAnimation (0.61.5):
    - React-Core/RCTAnimationHeaders (= 0.61.5)
  - React-RCTBlob (0.61.5):
    - React-Core/RCTBlobHeaders (= 0.61.5)
    - React-Core/RCTWebSocket (= 0.61.5)
    - React-jsi (= 0.61.5)
    - React-RCTNetwork (= 0.61.5)
  - React-RCTImage (0.61.5):
    - React-Core/RCTImageHeaders (= 0.61.5)
    - React-RCTNetwork (= 0.61.5)
  - React-RCTLinking (0.61.5):
    - React-Core/RCTLinkingHeaders (= 0.61.5)
  - React-RCTNetwork (0.61.5):
    - React-Core/RCTNetworkHeaders (= 0.61.5)
  - React-RCTSettings (0.61.5):
    - React-Core/RCTSettingsHeaders (= 0.61.5)
  - React-RCTText (0.61.5):
    - React-Core/RCTTextHeaders (= 0.61.5)
  - React-RCTVibration (0.61.5):
    - React-Core/RCTVibrationHeaders (= 0.61.5)
  - ReactCommon/jscallinvoker (0.61.5):
    - DoubleConversion
    - Folly (= 2018.10.22.00)
    - glog
    - React-cxxreact (= 0.61.5)
  - ReactCommon/turbomodule/core (0.61.5):
    - DoubleConversion
    - Folly (= 2018.10.22.00)
    - glog
    - React-Core (= 0.61.5)
    - React-cxxreact (= 0.61.5)
    - React-jsi (= 0.61.5)
    - ReactCommon/jscallinvoker (= 0.61.5)
  - ReactNativeDarkMode (0.2.2):
    - React
  - RNAppleAuthentication (1.1.2):
    - React
  - RNCAsyncStorage (1.12.1):
    - React-Core
  - RNCCheckbox (0.5.16):
    - BEMCheckBox (~> 1.4)
    - React-Core
  - RNCClipboard (1.5.1):
    - React-Core
  - RNCMaskedView (0.1.11):
    - React
  - RNCPushNotificationIOS (1.11.0):
    - React-Core
  - RNDeviceInfo (6.2.1):
    - React-Core
  - RNFBAnalytics (17.5.0):
    - Firebase/Analytics (= 10.7.0)
    - React-Core
    - RNFBApp
  - RNFBApp (17.5.0):
    - Firebase/CoreOnly (= 10.7.0)
    - React-Core
  - RNFBMessaging (17.5.0):
    - Firebase/Messaging (= 10.7.0)
    - FirebaseCoreExtension (= 10.7.0)
    - React-Core
    - RNFBApp
  - RNFileViewer (2.1.5):
    - React-Core
  - RNFS (2.20.0):
    - React-Core
  - RNGestureHandler (1.10.3):
    - React-Core
  - RNGoogleSignin (4.0.3):
    - GoogleSignIn (~> 5.0.0)
    - React
  - RNImageHelper (0.0.3):
    - React
  - RNNotificationBanner (2.0.0):
    - BRYXBanner
    - React
    - RNImageHelper
  - RNScreens (2.18.1):
    - React-Core
  - Toast (4.0.0)
  - toolbar-android (0.2.1):
    - React
  - Yoga (1.14.0)

DEPENDENCIES:
  - BRYXBanner (from `https://github.com/prscX/BRYXBanner.git`, branch `master`)
  - BVLinearGradient (from `../node_modules/react-native-linear-gradient`)
  - DoubleConversion (from `../node_modules/react-native/third-party-podspecs/DoubleConversion.podspec`)
  - FBLazyVector (from `../node_modules/react-native/Libraries/FBLazyVector`)
  - FBReactNativeSpec (from `../node_modules/react-native/Libraries/FBReactNativeSpec`)
  - Firebase
  - FirebaseCore
  - FirebaseCoreInternal
  - Folly (from `../node_modules/react-native/third-party-podspecs/Folly.podspec`)
  - glog (from `../node_modules/react-native/third-party-podspecs/glog.podspec`)
  - GoogleIDFASupport
  - GoogleSignIn (~> 5.0.2)
  - GoogleUtilities
  - RCTRequired (from `../node_modules/react-native/Libraries/RCTRequired`)
  - RCTTypeSafety (from `../node_modules/react-native/Libraries/TypeSafety`)
  - React (from `../node_modules/react-native/`)
  - React-Core (from `../node_modules/react-native/`)
  - React-Core/DevSupport (from `../node_modules/react-native/`)
  - React-Core/RCTWebSocket (from `../node_modules/react-native/`)
  - React-CoreModules (from `../node_modules/react-native/React/CoreModules`)
  - React-cxxreact (from `../node_modules/react-native/ReactCommon/cxxreact`)
  - React-jsi (from `../node_modules/react-native/ReactCommon/jsi`)
  - React-jsiexecutor (from `../node_modules/react-native/ReactCommon/jsiexecutor`)
  - React-jsinspector (from `../node_modules/react-native/ReactCommon/jsinspector`)
  - react-native-document-picker (from `../node_modules/react-native-document-picker`)
  - react-native-fbsdk-next (from `../node_modules/react-native-fbsdk-next`)
  - "react-native-geolocation (from `../node_modules/@react-native-community/geolocation`)"
  - react-native-image-picker (from `../node_modules/react-native-image-picker`)
  - "react-native-netinfo (from `../node_modules/@react-native-community/netinfo`)"
  - react-native-otp-verify (from `../node_modules/react-native-otp-verify`)
  - react-native-razorpay (from `../node_modules/react-native-razorpay`)
  - react-native-safe-area-context (from `../node_modules/react-native-safe-area-context`)
  - react-native-simple-toast (from `../node_modules/react-native-simple-toast`)
  - react-native-video (from `../node_modules/react-native-video`)
  - "react-native-viewpager (from `../node_modules/@react-native-community/viewpager`)"
  - react-native-webview (from `../node_modules/react-native-webview`)
  - React-RCTActionSheet (from `../node_modules/react-native/Libraries/ActionSheetIOS`)
  - React-RCTAnimation (from `../node_modules/react-native/Libraries/NativeAnimation`)
  - React-RCTBlob (from `../node_modules/react-native/Libraries/Blob`)
  - React-RCTImage (from `../node_modules/react-native/Libraries/Image`)
  - React-RCTLinking (from `../node_modules/react-native/Libraries/LinkingIOS`)
  - React-RCTNetwork (from `../node_modules/react-native/Libraries/Network`)
  - React-RCTSettings (from `../node_modules/react-native/Libraries/Settings`)
  - React-RCTText (from `../node_modules/react-native/Libraries/Text`)
  - React-RCTVibration (from `../node_modules/react-native/Libraries/Vibration`)
  - ReactCommon/jscallinvoker (from `../node_modules/react-native/ReactCommon`)
  - ReactCommon/turbomodule/core (from `../node_modules/react-native/ReactCommon`)
  - ReactNativeDarkMode (from `../node_modules/react-native-dark-mode`)
  - "RNAppleAuthentication (from `../node_modules/@invertase/react-native-apple-authentication`)"
  - "RNCAsyncStorage (from `../node_modules/@react-native-community/async-storage`)"
  - "RNCCheckbox (from `../node_modules/@react-native-community/checkbox`)"
  - "RNCClipboard (from `../node_modules/@react-native-community/clipboard`)"
  - "RNCMaskedView (from `../node_modules/@react-native-community/masked-view`)"
  - "RNCPushNotificationIOS (from `../node_modules/@react-native-community/push-notification-ios`)"
  - RNDeviceInfo (from `../node_modules/react-native-device-info`)
  - "RNFBAnalytics (from `../node_modules/@react-native-firebase/analytics`)"
  - "RNFBApp (from `../node_modules/@react-native-firebase/app`)"
  - "RNFBMessaging (from `../node_modules/@react-native-firebase/messaging`)"
  - RNFileViewer (from `../node_modules/react-native-file-viewer`)
  - RNFS (from `../node_modules/react-native-fs`)
  - RNGestureHandler (from `../node_modules/react-native-gesture-handler`)
  - "RNGoogleSignin (from `../node_modules/@react-native-community/google-signin`)"
  - RNImageHelper (from `../node_modules/react-native-image-helper/ios`)
  - RNNotificationBanner (from `../node_modules/react-native-notification-banner/ios`)
  - RNScreens (from `../node_modules/react-native-screens`)
  - "toolbar-android (from `../node_modules/@react-native-community/toolbar-android`)"
  - Yoga (from `../node_modules/react-native/ReactCommon/yoga`)

SPEC REPOS:
  trunk:
    - AppAuth
    - BEMCheckBox
    - boost-for-react-native
    - FBAEMKit
    - FBSDKCoreKit
    - FBSDKCoreKit_Basics
    - FBSDKGamingServicesKit
    - FBSDKLoginKit
    - FBSDKShareKit
    - Firebase
    - FirebaseAnalytics
    - FirebaseCore
    - FirebaseCoreExtension
    - FirebaseCoreInternal
    - FirebaseInstallations
    - FirebaseMessaging
    - GoogleAppMeasurement
    - GoogleDataTransport
    - GoogleIDFASupport
    - GoogleSignIn
    - GoogleUtilities
    - GTMAppAuth
    - GTMSessionFetcher
    - nanopb
    - PromisesObjC
    - razorpay-pod
    - Toast

EXTERNAL SOURCES:
  BRYXBanner:
    :branch: master
    :git: https://github.com/prscX/BRYXBanner.git
  BVLinearGradient:
    :path: "../node_modules/react-native-linear-gradient"
  DoubleConversion:
    :podspec: "../node_modules/react-native/third-party-podspecs/DoubleConversion.podspec"
  FBLazyVector:
    :path: "../node_modules/react-native/Libraries/FBLazyVector"
  FBReactNativeSpec:
    :path: "../node_modules/react-native/Libraries/FBReactNativeSpec"
  Folly:
    :podspec: "../node_modules/react-native/third-party-podspecs/Folly.podspec"
  glog:
    :podspec: "../node_modules/react-native/third-party-podspecs/glog.podspec"
  RCTRequired:
    :path: "../node_modules/react-native/Libraries/RCTRequired"
  RCTTypeSafety:
    :path: "../node_modules/react-native/Libraries/TypeSafety"
  React:
    :path: "../node_modules/react-native/"
  React-Core:
    :path: "../node_modules/react-native/"
  React-CoreModules:
    :path: "../node_modules/react-native/React/CoreModules"
  React-cxxreact:
    :path: "../node_modules/react-native/ReactCommon/cxxreact"
  React-jsi:
    :path: "../node_modules/react-native/ReactCommon/jsi"
  React-jsiexecutor:
    :path: "../node_modules/react-native/ReactCommon/jsiexecutor"
  React-jsinspector:
    :path: "../node_modules/react-native/ReactCommon/jsinspector"
  react-native-document-picker:
    :path: "../node_modules/react-native-document-picker"
  react-native-fbsdk-next:
    :path: "../node_modules/react-native-fbsdk-next"
  react-native-geolocation:
    :path: "../node_modules/@react-native-community/geolocation"
  react-native-image-picker:
    :path: "../node_modules/react-native-image-picker"
  react-native-netinfo:
    :path: "../node_modules/@react-native-community/netinfo"
  react-native-otp-verify:
    :path: "../node_modules/react-native-otp-verify"
  react-native-razorpay:
    :path: "../node_modules/react-native-razorpay"
  react-native-safe-area-context:
    :path: "../node_modules/react-native-safe-area-context"
  react-native-simple-toast:
    :path: "../node_modules/react-native-simple-toast"
  react-native-video:
    :path: "../node_modules/react-native-video"
  react-native-viewpager:
    :path: "../node_modules/@react-native-community/viewpager"
  react-native-webview:
    :path: "../node_modules/react-native-webview"
  React-RCTActionSheet:
    :path: "../node_modules/react-native/Libraries/ActionSheetIOS"
  React-RCTAnimation:
    :path: "../node_modules/react-native/Libraries/NativeAnimation"
  React-RCTBlob:
    :path: "../node_modules/react-native/Libraries/Blob"
  React-RCTImage:
    :path: "../node_modules/react-native/Libraries/Image"
  React-RCTLinking:
    :path: "../node_modules/react-native/Libraries/LinkingIOS"
  React-RCTNetwork:
    :path: "../node_modules/react-native/Libraries/Network"
  React-RCTSettings:
    :path: "../node_modules/react-native/Libraries/Settings"
  React-RCTText:
    :path: "../node_modules/react-native/Libraries/Text"
  React-RCTVibration:
    :path: "../node_modules/react-native/Libraries/Vibration"
  ReactCommon:
    :path: "../node_modules/react-native/ReactCommon"
  ReactNativeDarkMode:
    :path: "../node_modules/react-native-dark-mode"
  RNAppleAuthentication:
    :path: "../node_modules/@invertase/react-native-apple-authentication"
  RNCAsyncStorage:
    :path: "../node_modules/@react-native-community/async-storage"
  RNCCheckbox:
    :path: "../node_modules/@react-native-community/checkbox"
  RNCClipboard:
    :path: "../node_modules/@react-native-community/clipboard"
  RNCMaskedView:
    :path: "../node_modules/@react-native-community/masked-view"
  RNCPushNotificationIOS:
    :path: "../node_modules/@react-native-community/push-notification-ios"
  RNDeviceInfo:
    :path: "../node_modules/react-native-device-info"
  RNFBAnalytics:
    :path: "../node_modules/@react-native-firebase/analytics"
  RNFBApp:
    :path: "../node_modules/@react-native-firebase/app"
  RNFBMessaging:
    :path: "../node_modules/@react-native-firebase/messaging"
  RNFileViewer:
    :path: "../node_modules/react-native-file-viewer"
  RNFS:
    :path: "../node_modules/react-native-fs"
  RNGestureHandler:
    :path: "../node_modules/react-native-gesture-handler"
  RNGoogleSignin:
    :path: "../node_modules/@react-native-community/google-signin"
  RNImageHelper:
    :path: "../node_modules/react-native-image-helper/ios"
  RNNotificationBanner:
    :path: "../node_modules/react-native-notification-banner/ios"
  RNScreens:
    :path: "../node_modules/react-native-screens"
  toolbar-android:
    :path: "../node_modules/@react-native-community/toolbar-android"
  Yoga:
    :path: "../node_modules/react-native/ReactCommon/yoga"

CHECKOUT OPTIONS:
  BRYXBanner:
    :commit: 2734e654bd28733097d5b0fd353ce568df6dc4ad
    :git: https://github.com/prscX/BRYXBanner.git

SPEC CHECKSUMS:
  AppAuth: 3bb1d1cd9340bd09f5ed189fb00b1cc28e1e8570
  BEMCheckBox: 5ba6e37ade3d3657b36caecc35c8b75c6c2b1a4e
  boost-for-react-native: 39c7adb57c4e60d6c5479dd8623128eb5b3f0f2c
  BRYXBanner: 531fa5c5089d15110f5136741a60c756f1ef89a7
  BVLinearGradient: 34a999fda29036898a09c6a6b728b0b4189e1a44
  DoubleConversion: 5805e889d232975c086db112ece9ed034df7a0b2
  FBAEMKit: c2b2895363b7e57192013d1dc49fdf498b28624c
  FBLazyVector: aaeaf388755e4f29cd74acbc9e3b8da6d807c37f
  FBReactNativeSpec: 118d0d177724c2d67f08a59136eb29ef5943ec75
  FBSDKCoreKit: 58139803d861e72c7661dc875611a759352a55ac
  FBSDKCoreKit_Basics: 1ffc68326a5ece051d85574f02a0adcf27c2a5f2
  FBSDKGamingServicesKit: 2af7e19dcfc3459581dec011a230d1eeddc17861
  FBSDKLoginKit: 19e2a878556c2ee4f20486dc406e582783cd7578
  FBSDKShareKit: 079497bb0cfeb049dc8ff6aee2702698680a2806
  Firebase: 0219acf760880eeec8ce479895bd7767466d9f81
  FirebaseAnalytics: f8133442ee6f8512e28ff19e62ce15398bfaeace
  FirebaseCore: e317665b9d744727a97e623edbbed009320afdd7
  FirebaseCoreExtension: f17247ba8c61e4d3c8d136b5e2de3cb4ac6a85b6
  FirebaseCoreInternal: 2f4bee5ed00301b5e56da0849268797a2dd31fb4
  FirebaseInstallations: cae95cab0f965ce05b805189de1d4c70b11c76fb
  FirebaseMessaging: ac9062bcc35ed56e15a0241d8fd317022499baf8
  Folly: 30e7936e1c45c08d884aa59369ed951a8e68cf51
  glog: 1f3da668190260b06b429bb211bfbee5cd790c28
  GoogleAppMeasurement: fe17c92a32207dd5cdd4e8d742767f2da74857f6
  GoogleDataTransport: 54dee9d48d14580407f8f5fbf2f496e92437a2f2
  GoogleIDFASupport: aaf8c10bd429abb1c15349d5252244f5eda8ead1
  GoogleSignIn: 7137d297ddc022a7e0aa4619c86d72c909fa7213
  GoogleUtilities: 13e2c67ede716b8741c7989e26893d151b2b2084
  GTMAppAuth: 0ff230db599948a9ad7470ca667337803b3fc4dd
  GTMSessionFetcher: 5595ec75acf5be50814f81e9189490412bad82ba
  nanopb: b552cce312b6c8484180ef47159bc0f65a1f0431
  PromisesObjC: c50d2056b5253dadbd6c2bea79b0674bd5a52fa4
  razorpay-pod: df3aa440969489d242c40ec606db9a0c7095743f
  RCTRequired: b153add4da6e7dbc44aebf93f3cf4fcae392ddf1
  RCTTypeSafety: 9aa1b91d7f9310fc6eadc3cf95126ffe818af320
  React: b6a59ef847b2b40bb6e0180a97d0ca716969ac78
  React-Core: 688b451f7d616cc1134ac95295b593d1b5158a04
  React-CoreModules: d04f8494c1a328b69ec11db9d1137d667f916dcb
  React-cxxreact: d0f7bcafa196ae410e5300736b424455e7fb7ba7
  React-jsi: cb2cd74d7ccf4cffb071a46833613edc79cdf8f7
  React-jsiexecutor: d5525f9ed5f782fdbacb64b9b01a43a9323d2386
  React-jsinspector: fa0ecc501688c3c4c34f28834a76302233e29dc0
  react-native-document-picker: c5752781fbc0c126c627c1549b037c139444a4cf
  react-native-fbsdk-next: 79815a5b8f66ab0990fbb370b4a4b5bdf0a15e6c
  react-native-geolocation: 205c5f619aea7bd54067b7b51e0781cae2f37151
  react-native-image-picker: 3b0cf2eb8e88203b0ff6632afe930c2e4cea4fa1
  react-native-netinfo: 52cf0ee8342548a485e28f4b09e56b477567244d
  react-native-otp-verify: 14fb40145a0a211ea6ca7b7d651871e45c874d12
  react-native-razorpay: ca1aa3960facc92824227fac18a7aad2c40fb546
  react-native-safe-area-context: 8260e5157617df4b72865f44006797f895b2ada7
  react-native-simple-toast: 4f6a5b31f7a03bace3388fe9477b4db3de221bdd
  react-native-video: 79a186e378d327b6c08bc3982c17ef455c6bd75c
  react-native-viewpager: 248267e605c2d4edd26924da7f15032d57ac0b75
  react-native-webview: a192040320142d8f10d652a745c46e4f43e37f8c
  React-RCTActionSheet: 600b4d10e3aea0913b5a92256d2719c0cdd26d76
  React-RCTAnimation: 791a87558389c80908ed06cc5dfc5e7920dfa360
  React-RCTBlob: d89293cc0236d9cb0933d85e430b0bbe81ad1d72
  React-RCTImage: 6b8e8df449eb7c814c99a92d6b52de6fe39dea4e
  React-RCTLinking: 121bb231c7503cf9094f4d8461b96a130fabf4a5
  React-RCTNetwork: fb353640aafcee84ca8b78957297bd395f065c9a
  React-RCTSettings: 8db258ea2a5efee381fcf7a6d5044e2f8b68b640
  React-RCTText: 9ccc88273e9a3aacff5094d2175a605efa854dbe
  React-RCTVibration: a49a1f42bf8f5acf1c3e297097517c6b3af377ad
  ReactCommon: 198c7c8d3591f975e5431bec1b0b3b581aa1c5dd
  ReactNativeDarkMode: 0178ffca3b10f6a7c9f49d6f9810232b328fa949
  RNAppleAuthentication: 473b2c076f1a48a537610580a168c1fb6d0a90c6
  RNCAsyncStorage: cb9a623793918c6699586281f0b51cbc38f046f9
  RNCCheckbox: 6d53cdd9e002f01b567f5c9d59662e3517651326
  RNCClipboard: 5e299c6df8e0c98f3d7416b86ae563d3a9f768a3
  RNCMaskedView: f127cd9652acfa31b91dcff613e07ba18b774db6
  RNCPushNotificationIOS: 4a7aac5430e7a1e997b21f4fa4db224127606e5a
  RNDeviceInfo: 80905692dd27fbee9034d7895c92bda29e5a3fc4
  RNFBAnalytics: 3444df9286d36b630b5fae9283a5c797b524e437
  RNFBApp: 0d8bf86673bbad0524d1ceac3944d71ccf48a0e4
  RNFBMessaging: 4b8cb1215465bacca36d0fcfc2f51e7e2aa1bc91
  RNFileViewer: ce7ca3ac370e18554d35d6355cffd7c30437c592
  RNFS: 4ac0f0ea233904cb798630b3c077808c06931688
  RNGestureHandler: a479ebd5ed4221a810967000735517df0d2db211
  RNGoogleSignin: ccf71ee4b6cfd324fd788a41e457e2043838c0d9
  RNImageHelper: 664211446e35da3f50b65f72d71c05a8f55f22a5
  RNNotificationBanner: 01777f470edd9ee6492d76e20ba85a490db8c846
  RNScreens: f7ad633b2e0190b77b6a7aab7f914fad6f198d8d
  Toast: 91b396c56ee72a5790816f40d3a94dd357abc196
  toolbar-android: 7c528a58a3d79f03124cbb370f738280bf1114a6
  Yoga: f2a7cd4280bfe2cca5a7aed98ba0eb3d1310f18b

PODFILE CHECKSUM: 2505138b43468165432fe4e92f8c9d0b1ce04f01

COCOAPODS: 1.12.1
